PODS:
  - Flutter (1.0.0)
  - flutter_credit_card (0.0.1):
    - Flutter

DEPENDENCIES:
  - Flutter (from `Flutter`)
  - flutter_credit_card (from `.symlinks/plugins/flutter_credit_card/ios`)

EXTERNAL SOURCES:
  Flutter:
    :path: Flutter
  flutter_credit_card:
    :path: ".symlinks/plugins/flutter_credit_card/ios"

SPEC CHECKSUMS:
  Flutter: f04841e97a9d0b0a8025694d0796dd46242b2854
  flutter_credit_card: 7aca3f6603dedd2d489aa87e23f8c72e375f50f1

PODFILE CHECKSUM: ef19549a9bc3046e7bb7d2fab4d021637c0c58a3

COCOAPODS: 1.11.3
